
Microsoft Visual Studio Solution File, Format Version 12.00
Project("{FAE04EC0-301F-11D3-BF4B-00C04F79EFBC}") = "ParallelForEach", "ParallelForEach\ParallelForEach.csproj", "{1F7E7513-0B7A-4C9E-AADF-D7805C252EF6}"
EndProject
Global
	GlobalSection(SolutionConfigurationPlatforms) = preSolution
		Debug|Any CPU = Debug|Any CPU
		Release|Any CPU = Release|Any CPU
	EndGlobalSection
	GlobalSection(ProjectConfigurationPlatforms) = postSolution
		{1F7E7513-0B7A-4C9E-AADF-D7805C252EF6}.Debug|Any CPU.ActiveCfg = Debug|Any CPU
		{1F7E7513-0B7A-4C9E-AADF-D7805C252EF6}.Debug|Any CPU.Build.0 = Debug|Any CPU
		{1F7E7513-0B7A-4C9E-AADF-D7805C252EF6}.Release|Any CPU.ActiveCfg = Release|Any CPU
		{1F7E7513-0B7A-4C9E-AADF-D7805C252EF6}.Release|Any CPU.Build.0 = Release|Any CPU
	EndGlobalSection
EndGlobal
